
Microsoft Visual Studio Solution File, Format Version 12.00
# Visual Studio Version 17
VisualStudioVersion = 17.0.32112.339
MinimumVisualStudioVersion = 10.0.40219.1
Project("{FAE04EC0-301F-11D3-BF4B-00C04F79EFBC}") = "AzureWebApp", "AzureWebApp\AzureWebApp.csproj", "{B3128F42-4E44-4045-9767-352C23118F83}"
EndProject
Global
	GlobalSection(SolutionConfigurationPlatforms) = preSolution
		Debug|Any CPU = Debug|Any CPU
		Release|Any CPU = Release|Any CPU
	EndGlobalSection
	GlobalSection(ProjectConfigurationPlatforms) = postSolution
		{B3128F42-4E44-4045-9767-352C23118F83}.Debug|Any CPU.ActiveCfg = Debug|Any CPU
		{B3128F42-4E44-4045-9767-352C23118F83}.Debug|Any CPU.Build.0 = Debug|Any CPU
		{B3128F42-4E44-4045-9767-352C23118F83}.Release|Any CPU.ActiveCfg = Release|Any CPU
		{B3128F42-4E44-4045-9767-352C23118F83}.Release|Any CPU.Build.0 = Release|Any CPU
	EndGlobalSection
	GlobalSection(SolutionProperties) = preSolution
		HideSolutionNode = FALSE
	EndGlobalSection
	GlobalSection(ExtensibilityGlobals) = postSolution
		SolutionGuid = {01D842D2-C9D9-481C-A5C9-2239980F3A76}
	EndGlobalSection
EndGlobal
